[[package]]
name = "asgiref"
version = "3.5.2"
description = "ASGI specs, helper code, and adapters"
category = "main"
optional = false
python-versions = ">=3.7"

[package.dependencies]
typing-extensions = {version = "*", markers = "python_version < \"3.8\""}

[package.extras]
tests = ["pytest", "pytest-asyncio", "mypy (>=0.800)"]

[[package]]
name = "babelfish"
version = "0.6.0"
description = "A module to work with countries and languages"
category = "main"
optional = false
python-versions = ">=3.6,<4.0"

[[package]]
name = "bencode.py"
version = "4.0.0"
description = "Simple bencode parser (for Python 2, Python 3 and PyPy)"
category = "main"
optional = false
python-versions = "*"

[[package]]
name = "certifi"
version = "2022.5.18.1"
description = "Python package for providing Mozilla's CA Bundle."
category = "main"
optional = false
python-versions = ">=3.6"

[[package]]
name = "charset-normalizer"
version = "2.0.12"
description = "The Real First Universal Charset Detector. Open, modern and actively maintained alternative to Chardet."
category = "main"
optional = false
python-versions = ">=3.5.0"

[package.extras]
unicode_backport = ["unicodedata2"]

[[package]]
name = "cinemagoer"
version = "2022.2.11"
description = "Python package to access the IMDb's database"
category = "main"
optional = false
python-versions = "*"

[package.dependencies]
lxml = "*"
SQLAlchemy = "*"

[package.extras]
dev = ["flake8", "flake8-isort", "readme-renderer"]
doc = ["sphinx", "sphinx-rtd-theme"]
test = ["pytest", "pytest-cov", "pytest-profiling"]

[[package]]
name = "django"
version = "3.2.13"
description = "A high-level Python Web framework that encourages rapid development and clean, pragmatic design."
category = "main"
optional = false
python-versions = ">=3.6"

[package.dependencies]
asgiref = ">=3.3.2,<4"
pytz = "*"
sqlparse = ">=0.2.2"

[package.extras]
argon2 = ["argon2-cffi (>=19.1.0)"]
bcrypt = ["bcrypt"]

[[package]]
name = "dynaconf"
version = "3.1.8"
description = "The dynamic configurator for your Python Project"
category = "main"
optional = false
python-versions = ">=3.7"

[package.extras]
all = ["redis", "ruamel.yaml", "configobj", "hvac"]
configobj = ["configobj"]
ini = ["configobj"]
redis = ["redis"]
test = ["pytest", "pytest-cov", "pytest-xdist", "pytest-mock", "flake8", "pep8-naming", "flake8-debugger", "flake8-print", "flake8-todo", "radon", "flask (>=0.12)", "django", "python-dotenv", "toml", "codecov", "redis", "hvac", "configobj"]
toml = ["toml"]
vault = ["hvac"]
yaml = ["ruamel.yaml"]

[[package]]
name = "greenlet"
version = "1.1.2"
description = "Lightweight in-process concurrent programming"
category = "main"
optional = false
python-versions = ">=2.7,!=3.0.*,!=3.1.*,!=3.2.*,!=3.3.*,!=3.4.*"

[package.extras]
docs = ["sphinx"]

[[package]]
name = "guessit"
version = "3.4.3"
description = "GuessIt - a library for guessing information from video filenames."
category = "main"
optional = false
python-versions = "*"

[package.dependencies]
babelfish = ">=0.6.0"
importlib-resources = {version = "*", markers = "python_version < \"3.9\""}
python-dateutil = "*"
rebulk = ">=3.1.0"

[package.extras]
dev = ["tox", "mkdocs", "mkdocs-material", "pyinstaller", "python-semantic-release"]
test = ["pytest", "pytest-mock", "pytest-benchmark", "pytest-cov", "pylint", "pyyaml"]

[[package]]
name = "idna"
version = "3.3"
description = "Internationalized Domain Names in Applications (IDNA)"
category = "main"
optional = false
python-versions = ">=3.5"

[[package]]
name = "importlib-metadata"
version = "4.11.4"
description = "Read metadata from Python packages"
category = "main"
optional = false
python-versions = ">=3.7"

[package.dependencies]
typing-extensions = {version = ">=3.6.4", markers = "python_version < \"3.8\""}
zipp = ">=0.5"

[package.extras]
docs = ["sphinx", "jaraco.packaging (>=9)", "rst.linker (>=1.9)"]
perf = ["ipython"]
testing = ["pytest (>=6)", "pytest-checkdocs (>=2.4)", "pytest-flake8", "pytest-cov", "pytest-enabler (>=1.0.1)", "packaging", "pyfakefs", "flufl.flake8", "pytest-perf (>=0.9.2)", "pytest-black (>=0.3.7)", "pytest-mypy (>=0.9.1)", "importlib-resources (>=1.3)"]

[[package]]
name = "importlib-resources"
version = "5.7.1"
description = "Read resources from Python packages"
category = "main"
optional = false
python-versions = ">=3.7"

[package.dependencies]
zipp = {version = ">=3.1.0", markers = "python_version < \"3.10\""}

[package.extras]
docs = ["sphinx", "jaraco.packaging (>=9)", "rst.linker (>=1.9)"]
testing = ["pytest (>=6)", "pytest-checkdocs (>=2.4)", "pytest-flake8", "pytest-cov", "pytest-enabler (>=1.0.1)", "pytest-black (>=0.3.7)", "pytest-mypy (>=0.9.1)"]

[[package]]
name = "lxml"
version = "4.8.0"
description = "Powerful and Pythonic XML processing library combining libxml2/libxslt with the ElementTree API."
category = "main"
optional = false
python-versions = ">=2.7, !=3.0.*, !=3.1.*, !=3.2.*, !=3.3.*, != 3.4.*"

[package.extras]
cssselect = ["cssselect (>=0.7)"]
html5 = ["html5lib"]
htmlsoup = ["beautifulsoup4"]
source = ["Cython (>=0.29.7)"]

[[package]]
name = "pyrosimple"
version = "1.2.0"
description = ""
category = "main"
optional = false
python-versions = ">3.6,<4"

[package.dependencies]
"bencode.py" = ">=4.0.0,<5.0.0"
Tempita = ">=0.5.2,<0.6.0"

[package.extras]
torque = ["APScheduler (>=3.9.0,<4.0.0)", "pyinotify (>=0.9.6,<0.10.0)"]

[[package]]
name = "python-dateutil"
version = "2.8.2"
description = "Extensions to the standard Python datetime module"
category = "main"
optional = false
python-versions = "!=3.0.*,!=3.1.*,!=3.2.*,>=2.7"

[package.dependencies]
six = ">=1.5"

[[package]]
name = "pytz"
version = "2022.1"
description = "World timezone definitions, modern and historical"
category = "main"
optional = false
python-versions = "*"

[[package]]
name = "rebulk"
version = "3.1.0"
description = "Rebulk - Define simple search patterns in bulk to perform advanced matching on any string."
category = "main"
optional = false
python-versions = "*"

[package.extras]
dev = ["pytest", "pylint", "tox"]
native = ["regex"]
test = ["pytest", "pylint"]

[[package]]
name = "requests"
version = "2.27.1"
description = "Python HTTP for Humans."
category = "main"
optional = false
python-versions = ">=2.7, !=3.0.*, !=3.1.*, !=3.2.*, !=3.3.*, !=3.4.*, !=3.5.*"

[package.dependencies]
certifi = ">=2017.4.17"
charset-normalizer = {version = ">=2.0.0,<2.1.0", markers = "python_version >= \"3\""}
idna = {version = ">=2.5,<4", markers = "python_version >= \"3\""}
urllib3 = ">=1.21.1,<1.27"

[package.extras]
socks = ["PySocks (>=1.5.6,!=1.5.7)", "win-inet-pton"]
use_chardet_on_py3 = ["chardet (>=3.0.2,<5)"]

[[package]]
name = "six"
version = "1.16.0"
description = "Python 2 and 3 compatibility utilities"
category = "main"
optional = false
python-versions = ">=2.7, !=3.0.*, !=3.1.*, !=3.2.*"

[[package]]
name = "sqlalchemy"
version = "1.4.36"
description = "Database Abstraction Library"
category = "main"
optional = false
python-versions = "!=3.0.*,!=3.1.*,!=3.2.*,!=3.3.*,!=3.4.*,!=3.5.*,>=2.7"

[package.dependencies]
greenlet = {version = "!=0.4.17", markers = "python_version >= \"3\" and (platform_machine == \"aarch64\" or platform_machine == \"ppc64le\" or platform_machine == \"x86_64\" or platform_machine == \"amd64\" or platform_machine == \"AMD64\" or platform_machine == \"win32\" or platform_machine == \"WIN32\")"}
importlib-metadata = {version = "*", markers = "python_version < \"3.8\""}

[package.extras]
aiomysql = ["greenlet (!=0.4.17)", "aiomysql"]
aiosqlite = ["typing_extensions (!=3.10.0.1)", "greenlet (!=0.4.17)", "aiosqlite"]
asyncio = ["greenlet (!=0.4.17)"]
asyncmy = ["greenlet (!=0.4.17)", "asyncmy (>=0.2.3,!=0.2.4)"]
mariadb_connector = ["mariadb (>=1.0.1)"]
mssql = ["pyodbc"]
mssql_pymssql = ["pymssql"]
mssql_pyodbc = ["pyodbc"]
mypy = ["sqlalchemy2-stubs", "mypy (>=0.910)"]
mysql = ["mysqlclient (>=1.4.0,<2)", "mysqlclient (>=1.4.0)"]
mysql_connector = ["mysql-connector-python"]
oracle = ["cx_oracle (>=7,<8)", "cx_oracle (>=7)"]
postgresql = ["psycopg2 (>=2.7)"]
postgresql_asyncpg = ["greenlet (!=0.4.17)", "asyncpg"]
postgresql_pg8000 = ["pg8000 (>=1.16.6)"]
postgresql_psycopg2binary = ["psycopg2-binary"]
postgresql_psycopg2cffi = ["psycopg2cffi"]
pymysql = ["pymysql (<1)", "pymysql"]
sqlcipher = ["sqlcipher3-binary"]

[[package]]
name = "sqlparse"
version = "0.4.2"
description = "A non-validating SQL parser."
category = "main"
optional = false
python-versions = ">=3.5"

[[package]]
name = "tempita"
version = "0.5.2"
description = "A very small text templating language"
category = "main"
optional = false
python-versions = "*"

[[package]]
name = "typing-extensions"
version = "4.2.0"
description = "Backported and Experimental Type Hints for Python 3.7+"
category = "main"
optional = false
python-versions = ">=3.7"

[[package]]
name = "unidecode"
version = "1.3.4"
description = "ASCII transliterations of Unicode text"
category = "main"
optional = false
python-versions = ">=3.5"

[[package]]
name = "urllib3"
version = "1.26.9"
description = "HTTP library with thread-safe connection pooling, file post, and more."
category = "main"
optional = false
python-versions = ">=2.7, !=3.0.*, !=3.1.*, !=3.2.*, !=3.3.*, !=3.4.*, <4"

[package.extras]
brotli = ["brotlicffi (>=0.8.0)", "brotli (>=1.0.9)", "brotlipy (>=0.6.0)"]
secure = ["pyOpenSSL (>=0.14)", "cryptography (>=1.3.4)", "idna (>=2.0.0)", "certifi", "ipaddress"]
socks = ["PySocks (>=1.5.6,!=1.5.7,<2.0)"]

[[package]]
name = "werkzeug"
version = "2.1.2"
description = "The comprehensive WSGI web application library."
category = "main"
optional = false
python-versions = ">=3.7"

[package.extras]
watchdog = ["watchdog"]

[[package]]
name = "zipp"
version = "3.8.0"
description = "Backport of pathlib-compatible object wrapper for zip files"
category = "main"
optional = false
python-versions = ">=3.7"

[package.extras]
docs = ["sphinx", "jaraco.packaging (>=9)", "rst.linker (>=1.9)"]
testing = ["pytest (>=6)", "pytest-checkdocs (>=2.4)", "pytest-flake8", "pytest-cov", "pytest-enabler (>=1.0.1)", "jaraco.itertools", "func-timeout", "pytest-black (>=0.3.7)", "pytest-mypy (>=0.9.1)"]

[metadata]
lock-version = "1.1"
python-versions = ">3.7,<4.0"
content-hash = "3ead366bfb784647108fe0415bf7e90efb56dc7c97265a0c0ee0116a12392dca"

[metadata.files]
asgiref = [
    {file = "asgiref-3.5.2-py3-none-any.whl", hash = "sha256:1d2880b792ae8757289136f1db2b7b99100ce959b2aa57fd69dab783d05afac4"},
    {file = "asgiref-3.5.2.tar.gz", hash = "sha256:4a29362a6acebe09bf1d6640db38c1dc3d9217c68e6f9f6204d72667fc19a424"},
]
babelfish = [
    {file = "babelfish-0.6.0-py3-none-any.whl", hash = "sha256:268f1c6279f2a04a66837972e8a9f3dcc68e16f1201eec57d2a4b828a8b41b11"},
    {file = "babelfish-0.6.0.tar.gz", hash = "sha256:2dadfadd1b205ca5fa5dc9fa637f5b7933160a0418684c7c46a7a664033208a2"},
]
"bencode.py" = [
    {file = "bencode.py-4.0.0-py2.py3-none-any.whl", hash = "sha256:99c06a55764e85ffe81622fdf9ee78bd737bad3ea61d119784a54bb28860d962"},
    {file = "bencode.py-4.0.0.tar.gz", hash = "sha256:2a24ccda1725a51a650893d0b63260138359eaa299bb6e7a09961350a2a6e05c"},
]
certifi = [
    {file = "certifi-2022.5.18.1-py3-none-any.whl", hash = "sha256:f1d53542ee8cbedbe2118b5686372fb33c297fcd6379b050cca0ef13a597382a"},
    {file = "certifi-2022.5.18.1.tar.gz", hash = "sha256:9c5705e395cd70084351dd8ad5c41e65655e08ce46f2ec9cf6c2c08390f71eb7"},
]
charset-normalizer = [
    {file = "charset-normalizer-2.0.12.tar.gz", hash = "sha256:2857e29ff0d34db842cd7ca3230549d1a697f96ee6d3fb071cfa6c7393832597"},
    {file = "charset_normalizer-2.0.12-py3-none-any.whl", hash = "sha256:6881edbebdb17b39b4eaaa821b438bf6eddffb4468cf344f09f89def34a8b1df"},
]
cinemagoer = [
    {file = "cinemagoer-2022.2.11-py3-none-any.whl", hash = "sha256:355dea3ff74e8f54c530a0ac39381854de2449f1f579c22d03bf685947ee3eb5"},
    {file = "cinemagoer-2022.2.11.tar.gz", hash = "sha256:8efe29dab44a7d275702f3160746015bd55c87b2eed85991dd57dda42594e6c6"},
]
django = [
    {file = "Django-3.2.13-py3-none-any.whl", hash = "sha256:b896ca61edc079eb6bbaa15cf6071eb69d6aac08cce5211583cfb41515644fdf"},
    {file = "Django-3.2.13.tar.gz", hash = "sha256:6d93497a0a9bf6ba0e0b1a29cccdc40efbfc76297255b1309b3a884a688ec4b6"},
]
dynaconf = [
    {file = "dynaconf-3.1.8-py2.py3-none-any.whl", hash = "sha256:dea41800cf4eef488f49d3b5d1ff6305b85c3c21538f4dcfc39ab34d29606d28"},
    {file = "dynaconf-3.1.8.tar.gz", hash = "sha256:d141a6664fca3648d2d8e84440966af9f58c4f4201ca78353a3f595a67c19ab4"},
]
greenlet = [
    {file = "greenlet-1.1.2-cp27-cp27m-macosx_10_14_x86_64.whl", hash = "sha256:58df5c2a0e293bf665a51f8a100d3e9956febfbf1d9aaf8c0677cf70218910c6"},
    {file = "greenlet-1.1.2-cp27-cp27m-manylinux1_x86_64.whl", hash = "sha256:aec52725173bd3a7b56fe91bc56eccb26fbdff1386ef123abb63c84c5b43b63a"},
    {file = "greenlet-1.1.2-cp27-cp27m-manylinux2010_x86_64.whl", hash = "sha256:833e1551925ed51e6b44c800e71e77dacd7e49181fdc9ac9a0bf3714d515785d"},
    {file = "greenlet-1.1.2-cp27-cp27m-win32.whl", hash = "sha256:aa5b467f15e78b82257319aebc78dd2915e4c1436c3c0d1ad6f53e47ba6e2713"},
    {file = "greenlet-1.1.2-cp27-cp27m-win_amd64.whl", hash = "sha256:40b951f601af999a8bf2ce8c71e8aaa4e8c6f78ff8afae7b808aae2dc50d4c40"},
    {file = "greenlet-1.1.2-cp27-cp27mu-manylinux1_x86_64.whl", hash = "sha256:95e69877983ea39b7303570fa6760f81a3eec23d0e3ab2021b7144b94d06202d"},
    {file = "greenlet-1.1.2-cp27-cp27mu-manylinux2010_x86_64.whl", hash = "sha256:356b3576ad078c89a6107caa9c50cc14e98e3a6c4874a37c3e0273e4baf33de8"},
    {file = "greenlet-1.1.2-cp310-cp310-macosx_10_14_x86_64.whl", hash = "sha256:8639cadfda96737427330a094476d4c7a56ac03de7265622fcf4cfe57c8ae18d"},
    {file = "greenlet-1.1.2-cp310-cp310-manylinux_2_17_aarch64.manylinux2014_aarch64.whl", hash = "sha256:97e5306482182170ade15c4b0d8386ded995a07d7cc2ca8f27958d34d6736497"},
    {file = "greenlet-1.1.2-cp310-cp310-manylinux_2_17_ppc64le.manylinux2014_ppc64le.whl", hash = "sha256:e6a36bb9474218c7a5b27ae476035497a6990e21d04c279884eb10d9b290f1b1"},
    {file = "greenlet-1.1.2-cp310-cp310-manylinux_2_17_x86_64.manylinux2014_x86_64.whl", hash = "sha256:abb7a75ed8b968f3061327c433a0fbd17b729947b400747c334a9c29a9af6c58"},
    {file = "greenlet-1.1.2-cp310-cp310-win_amd64.whl", hash = "sha256:14d4f3cd4e8b524ae9b8aa567858beed70c392fdec26dbdb0a8a418392e71708"},
    {file = "greenlet-1.1.2-cp35-cp35m-macosx_10_14_x86_64.whl", hash = "sha256:17ff94e7a83aa8671a25bf5b59326ec26da379ace2ebc4411d690d80a7fbcf23"},
    {file = "greenlet-1.1.2-cp35-cp35m-manylinux1_x86_64.whl", hash = "sha256:9f3cba480d3deb69f6ee2c1825060177a22c7826431458c697df88e6aeb3caee"},
    {file = "greenlet-1.1.2-cp35-cp35m-manylinux2010_x86_64.whl", hash = "sha256:fa877ca7f6b48054f847b61d6fa7bed5cebb663ebc55e018fda12db09dcc664c"},
    {file = "greenlet-1.1.2-cp35-cp35m-win32.whl", hash = "sha256:7cbd7574ce8e138bda9df4efc6bf2ab8572c9aff640d8ecfece1b006b68da963"},
    {file = "greenlet-1.1.2-cp35-cp35m-win_amd64.whl", hash = "sha256:903bbd302a2378f984aef528f76d4c9b1748f318fe1294961c072bdc7f2ffa3e"},
    {file = "greenlet-1.1.2-cp36-cp36m-macosx_10_14_x86_64.whl", hash = "sha256:049fe7579230e44daef03a259faa24511d10ebfa44f69411d99e6a184fe68073"},
    {file = "greenlet-1.1.2-cp36-cp36m-manylinux1_x86_64.whl", hash = "sha256:dd0b1e9e891f69e7675ba5c92e28b90eaa045f6ab134ffe70b52e948aa175b3c"},
    {file = "greenlet-1.1.2-cp36-cp36m-manylinux2010_x86_64.whl", hash = "sha256:7418b6bfc7fe3331541b84bb2141c9baf1ec7132a7ecd9f375912eca810e714e"},
    {file = "greenlet-1.1.2-cp36-cp36m-manylinux_2_17_aarch64.manylinux2014_aarch64.whl", hash = "sha256:f9d29ca8a77117315101425ec7ec2a47a22ccf59f5593378fc4077ac5b754fce"},
    {file = "greenlet-1.1.2-cp36-cp36m-manylinux_2_17_ppc64le.manylinux2014_ppc64le.whl", hash = "sha256:21915eb821a6b3d9d8eefdaf57d6c345b970ad722f856cd71739493ce003ad08"},
    {file = "greenlet-1.1.2-cp36-cp36m-manylinux_2_17_x86_64.manylinux2014_x86_64.whl", hash = "sha256:eff9d20417ff9dcb0d25e2defc2574d10b491bf2e693b4e491914738b7908168"},
    {file = "greenlet-1.1.2-cp36-cp36m-win32.whl", hash = "sha256:32ca72bbc673adbcfecb935bb3fb1b74e663d10a4b241aaa2f5a75fe1d1f90aa"},
    {file = "greenlet-1.1.2-cp36-cp36m-win_amd64.whl", hash = "sha256:f0214eb2a23b85528310dad848ad2ac58e735612929c8072f6093f3585fd342d"},
    {file = "greenlet-1.1.2-cp37-cp37m-macosx_10_14_x86_64.whl", hash = "sha256:b92e29e58bef6d9cfd340c72b04d74c4b4e9f70c9fa7c78b674d1fec18896dc4"},
    {file = "greenlet-1.1.2-cp37-cp37m-manylinux1_x86_64.whl", hash = "sha256:fdcec0b8399108577ec290f55551d926d9a1fa6cad45882093a7a07ac5ec147b"},
    {file = "greenlet-1.1.2-cp37-cp37m-manylinux2010_x86_64.whl", hash = "sha256:93f81b134a165cc17123626ab8da2e30c0455441d4ab5576eed73a64c025b25c"},
    {file = "greenlet-1.1.2-cp37-cp37m-manylinux_2_17_aarch64.manylinux2014_aarch64.whl", hash = "sha256:1e12bdc622676ce47ae9abbf455c189e442afdde8818d9da983085df6312e7a1"},
    {file = "greenlet-1.1.2-cp37-cp37m-manylinux_2_17_ppc64le.manylinux2014_ppc64le.whl", hash = "sha256:8c790abda465726cfb8bb08bd4ca9a5d0a7bd77c7ac1ca1b839ad823b948ea28"},
    {file = "greenlet-1.1.2-cp37-cp37m-manylinux_2_17_x86_64.manylinux2014_x86_64.whl", hash = "sha256:f276df9830dba7a333544bd41070e8175762a7ac20350786b322b714b0e654f5"},
    {file = "greenlet-1.1.2-cp37-cp37m-win32.whl", hash = "sha256:64e6175c2e53195278d7388c454e0b30997573f3f4bd63697f88d855f7a6a1fc"},
    {file = "greenlet-1.1.2-cp37-cp37m-win_amd64.whl", hash = "sha256:b11548073a2213d950c3f671aa88e6f83cda6e2fb97a8b6317b1b5b33d850e06"},
    {file = "greenlet-1.1.2-cp38-cp38-macosx_10_14_x86_64.whl", hash = "sha256:9633b3034d3d901f0a46b7939f8c4d64427dfba6bbc5a36b1a67364cf148a1b0"},
    {file = "greenlet-1.1.2-cp38-cp38-manylinux1_x86_64.whl", hash = "sha256:eb6ea6da4c787111adf40f697b4e58732ee0942b5d3bd8f435277643329ba627"},
    {file = "greenlet-1.1.2-cp38-cp38-manylinux2010_x86_64.whl", hash = "sha256:f3acda1924472472ddd60c29e5b9db0cec629fbe3c5c5accb74d6d6d14773478"},
    {file = "greenlet-1.1.2-cp38-cp38-manylinux_2_17_aarch64.manylinux2014_aarch64.whl", hash = "sha256:e859fcb4cbe93504ea18008d1df98dee4f7766db66c435e4882ab35cf70cac43"},
    {file = "greenlet-1.1.2-cp38-cp38-manylinux_2_17_ppc64le.manylinux2014_ppc64le.whl", hash = "sha256:00e44c8afdbe5467e4f7b5851be223be68adb4272f44696ee71fe46b7036a711"},
    {file = "greenlet-1.1.2-cp38-cp38-manylinux_2_17_x86_64.manylinux2014_x86_64.whl", hash = "sha256:ec8c433b3ab0419100bd45b47c9c8551248a5aee30ca5e9d399a0b57ac04651b"},
    {file = "greenlet-1.1.2-cp38-cp38-win32.whl", hash = "sha256:288c6a76705dc54fba69fbcb59904ae4ad768b4c768839b8ca5fdadec6dd8cfd"},
    {file = "greenlet-1.1.2-cp38-cp38-win_amd64.whl", hash = "sha256:8d2f1fb53a421b410751887eb4ff21386d119ef9cde3797bf5e7ed49fb51a3b3"},
    {file = "greenlet-1.1.2-cp39-cp39-macosx_10_14_x86_64.whl", hash = "sha256:166eac03e48784a6a6e0e5f041cfebb1ab400b394db188c48b3a84737f505b67"},
    {file = "greenlet-1.1.2-cp39-cp39-manylinux1_x86_64.whl", hash = "sha256:572e1787d1460da79590bf44304abbc0a2da944ea64ec549188fa84d89bba7ab"},
    {file = "greenlet-1.1.2-cp39-cp39-manylinux2010_x86_64.whl", hash = "sha256:be5f425ff1f5f4b3c1e33ad64ab994eed12fc284a6ea71c5243fd564502ecbe5"},
    {file = "greenlet-1.1.2-cp39-cp39-manylinux_2_17_aarch64.manylinux2014_aarch64.whl", hash = "sha256:b1692f7d6bc45e3200844be0dba153612103db241691088626a33ff1f24a0d88"},
    {file = "greenlet-1.1.2-cp39-cp39-manylinux_2_17_ppc64le.manylinux2014_ppc64le.whl", hash = "sha256:7227b47e73dedaa513cdebb98469705ef0d66eb5a1250144468e9c3097d6b59b"},
    {file = "greenlet-1.1.2-cp39-cp39-manylinux_2_17_x86_64.manylinux2014_x86_64.whl", hash = "sha256:7ff61ff178250f9bb3cd89752df0f1dd0e27316a8bd1465351652b1b4a4cdfd3"},
    {file = "greenlet-1.1.2-cp39-cp39-win32.whl", hash = "sha256:f70a9e237bb792c7cc7e44c531fd48f5897961701cdaa06cf22fc14965c496cf"},
    {file = "greenlet-1.1.2-cp39-cp39-win_amd64.whl", hash = "sha256:013d61294b6cd8fe3242932c1c5e36e5d1db2c8afb58606c5a67efce62c1f5fd"},
    {file = "greenlet-1.1.2.tar.gz", hash = "sha256:e30f5ea4ae2346e62cedde8794a56858a67b878dd79f7df76a0767e356b1744a"},
]
guessit = [
    {file = "guessit-3.4.3-py3-none-any.whl", hash = "sha256:f7f790c9e55a7bcc8ff887d3146e089c65a23eff72edfb6684ac5fedb47488a5"},
    {file = "guessit-3.4.3.tar.gz", hash = "sha256:731e96e6a1f3b065d05accc8c19f35d4485d880b77ab8dc4b262cc353df294f7"},
]
idna = [
    {file = "idna-3.3-py3-none-any.whl", hash = "sha256:84d9dd047ffa80596e0f246e2eab0b391788b0503584e8945f2368256d2735ff"},
    {file = "idna-3.3.tar.gz", hash = "sha256:9d643ff0a55b762d5cdb124b8eaa99c66322e2157b69160bc32796e824360e6d"},
]
importlib-metadata = [
    {file = "importlib_metadata-4.11.4-py3-none-any.whl", hash = "sha256:c58c8eb8a762858f49e18436ff552e83914778e50e9d2f1660535ffb364552ec"},
    {file = "importlib_metadata-4.11.4.tar.gz", hash = "sha256:5d26852efe48c0a32b0509ffbc583fda1a2266545a78d104a6f4aff3db17d700"},
]
importlib-resources = [
    {file = "importlib_resources-5.7.1-py3-none-any.whl", hash = "sha256:e447dc01619b1e951286f3929be820029d48c75eb25d265c28b92a16548212b8"},
    {file = "importlib_resources-5.7.1.tar.gz", hash = "sha256:b6062987dfc51f0fcb809187cffbd60f35df7acb4589091f154214af6d0d49d3"},
]
lxml = [
    {file = "lxml-4.8.0-cp27-cp27m-macosx_10_14_x86_64.whl", hash = "sha256:e1ab2fac607842ac36864e358c42feb0960ae62c34aa4caaf12ada0a1fb5d99b"},
    {file = "lxml-4.8.0-cp27-cp27m-manylinux_2_5_i686.manylinux1_i686.whl", hash = "sha256:28d1af847786f68bec57961f31221125c29d6f52d9187c01cd34dc14e2b29430"},
    {file = "lxml-4.8.0-cp27-cp27m-manylinux_2_5_x86_64.manylinux1_x86_64.whl", hash = "sha256:b92d40121dcbd74831b690a75533da703750f7041b4bf951befc657c37e5695a"},
    {file = "lxml-4.8.0-cp27-cp27m-win32.whl", hash = "sha256:e01f9531ba5420838c801c21c1b0f45dbc9607cb22ea2cf132844453bec863a5"},
    {file = "lxml-4.8.0-cp27-cp27m-win_amd64.whl", hash = "sha256:6259b511b0f2527e6d55ad87acc1c07b3cbffc3d5e050d7e7bcfa151b8202df9"},
    {file = "lxml-4.8.0-cp27-cp27mu-manylinux_2_5_i686.manylinux1_i686.whl", hash = "sha256:1010042bfcac2b2dc6098260a2ed022968dbdfaf285fc65a3acf8e4eb1ffd1bc"},
    {file = "lxml-4.8.0-cp27-cp27mu-manylinux_2_5_x86_64.manylinux1_x86_64.whl", hash = "sha256:fa56bb08b3dd8eac3a8c5b7d075c94e74f755fd9d8a04543ae8d37b1612dd170"},
    {file = "lxml-4.8.0-cp310-cp310-macosx_10_15_x86_64.whl", hash = "sha256:31ba2cbc64516dcdd6c24418daa7abff989ddf3ba6d3ea6f6ce6f2ed6e754ec9"},
    {file = "lxml-4.8.0-cp310-cp310-manylinux_2_12_i686.manylinux2010_i686.manylinux_2_24_i686.whl", hash = "sha256:31499847fc5f73ee17dbe1b8e24c6dafc4e8d5b48803d17d22988976b0171f03"},
    {file = "lxml-4.8.0-cp310-cp310-manylinux_2_17_aarch64.manylinux2014_aarch64.manylinux_2_24_aarch64.whl", hash = "sha256:5f7d7d9afc7b293147e2d506a4596641d60181a35279ef3aa5778d0d9d9123fe"},
    {file = "lxml-4.8.0-cp310-cp310-manylinux_2_17_x86_64.manylinux2014_x86_64.manylinux_2_24_x86_64.whl", hash = "sha256:a3c5f1a719aa11866ffc530d54ad965063a8cbbecae6515acbd5f0fae8f48eaa"},
    {file = "lxml-4.8.0-cp310-cp310-musllinux_1_1_x86_64.whl", hash = "sha256:6268e27873a3d191849204d00d03f65c0e343b3bcb518a6eaae05677c95621d1"},
    {file = "lxml-4.8.0-cp310-cp310-win32.whl", hash = "sha256:330bff92c26d4aee79c5bc4d9967858bdbe73fdbdbacb5daf623a03a914fe05b"},
    {file = "lxml-4.8.0-cp310-cp310-win_amd64.whl", hash = "sha256:b2582b238e1658c4061ebe1b4df53c435190d22457642377fd0cb30685cdfb76"},
    {file = "lxml-4.8.0-cp35-cp35m-manylinux_2_5_i686.manylinux1_i686.whl", hash = "sha256:a2bfc7e2a0601b475477c954bf167dee6d0f55cb167e3f3e7cefad906e7759f6"},
    {file = "lxml-4.8.0-cp35-cp35m-manylinux_2_5_x86_64.manylinux1_x86_64.whl", hash = "sha256:a1547ff4b8a833511eeaceacbcd17b043214fcdb385148f9c1bc5556ca9623e2"},
    {file = "lxml-4.8.0-cp35-cp35m-win32.whl", hash = "sha256:a9f1c3489736ff8e1c7652e9dc39f80cff820f23624f23d9eab6e122ac99b150"},
    {file = "lxml-4.8.0-cp35-cp35m-win_amd64.whl", hash = "sha256:530f278849031b0eb12f46cca0e5db01cfe5177ab13bd6878c6e739319bae654"},
    {file = "lxml-4.8.0-cp36-cp36m-macosx_10_14_x86_64.whl", hash = "sha256:078306d19a33920004addeb5f4630781aaeabb6a8d01398045fcde085091a169"},
    {file = "lxml-4.8.0-cp36-cp36m-manylinux_2_12_i686.manylinux2010_i686.manylinux_2_24_i686.whl", hash = "sha256:86545e351e879d0b72b620db6a3b96346921fa87b3d366d6c074e5a9a0b8dadb"},
    {file = "lxml-4.8.0-cp36-cp36m-manylinux_2_17_aarch64.manylinux2014_aarch64.whl", hash = "sha256:24f5c5ae618395ed871b3d8ebfcbb36e3f1091fd847bf54c4de623f9107942f3"},
    {file = "lxml-4.8.0-cp36-cp36m-manylinux_2_17_x86_64.manylinux2014_x86_64.manylinux_2_24_x86_64.whl", hash = "sha256:bbab6faf6568484707acc052f4dfc3802bdb0cafe079383fbaa23f1cdae9ecd4"},
    {file = "lxml-4.8.0-cp36-cp36m-manylinux_2_5_i686.manylinux1_i686.whl", hash = "sha256:7993232bd4044392c47779a3c7e8889fea6883be46281d45a81451acfd704d7e"},
    {file = "lxml-4.8.0-cp36-cp36m-manylinux_2_5_x86_64.manylinux1_x86_64.whl", hash = "sha256:6d6483b1229470e1d8835e52e0ff3c6973b9b97b24cd1c116dca90b57a2cc613"},
    {file = "lxml-4.8.0-cp36-cp36m-musllinux_1_1_x86_64.whl", hash = "sha256:ad4332a532e2d5acb231a2e5d33f943750091ee435daffca3fec0a53224e7e33"},
    {file = "lxml-4.8.0-cp36-cp36m-win32.whl", hash = "sha256:db3535733f59e5605a88a706824dfcb9bd06725e709ecb017e165fc1d6e7d429"},
    {file = "lxml-4.8.0-cp36-cp36m-win_amd64.whl", hash = "sha256:5f148b0c6133fb928503cfcdfdba395010f997aa44bcf6474fcdd0c5398d9b63"},
    {file = "lxml-4.8.0-cp37-cp37m-macosx_10_14_x86_64.whl", hash = "sha256:8a31f24e2a0b6317f33aafbb2f0895c0bce772980ae60c2c640d82caac49628a"},
    {file = "lxml-4.8.0-cp37-cp37m-manylinux_2_12_i686.manylinux2010_i686.manylinux_2_24_i686.whl", hash = "sha256:719544565c2937c21a6f76d520e6e52b726d132815adb3447ccffbe9f44203c4"},
    {file = "lxml-4.8.0-cp37-cp37m-manylinux_2_17_aarch64.manylinux2014_aarch64.manylinux_2_24_aarch64.whl", hash = "sha256:c0b88ed1ae66777a798dc54f627e32d3b81c8009967c63993c450ee4cbcbec15"},
    {file = "lxml-4.8.0-cp37-cp37m-manylinux_2_17_x86_64.manylinux2014_x86_64.manylinux_2_24_x86_64.whl", hash = "sha256:fa9b7c450be85bfc6cd39f6df8c5b8cbd76b5d6fc1f69efec80203f9894b885f"},
    {file = "lxml-4.8.0-cp37-cp37m-manylinux_2_5_i686.manylinux1_i686.whl", hash = "sha256:e9f84ed9f4d50b74fbc77298ee5c870f67cb7e91dcdc1a6915cb1ff6a317476c"},
    {file = "lxml-4.8.0-cp37-cp37m-manylinux_2_5_x86_64.manylinux1_x86_64.whl", hash = "sha256:1d650812b52d98679ed6c6b3b55cbb8fe5a5460a0aef29aeb08dc0b44577df85"},
    {file = "lxml-4.8.0-cp37-cp37m-musllinux_1_1_x86_64.whl", hash = "sha256:80bbaddf2baab7e6de4bc47405e34948e694a9efe0861c61cdc23aa774fcb141"},
    {file = "lxml-4.8.0-cp37-cp37m-win32.whl", hash = "sha256:6f7b82934c08e28a2d537d870293236b1000d94d0b4583825ab9649aef7ddf63"},
    {file = "lxml-4.8.0-cp37-cp37m-win_amd64.whl", hash = "sha256:e1fd7d2fe11f1cb63d3336d147c852f6d07de0d0020d704c6031b46a30b02ca8"},
    {file = "lxml-4.8.0-cp38-cp38-macosx_10_14_x86_64.whl", hash = "sha256:5045ee1ccd45a89c4daec1160217d363fcd23811e26734688007c26f28c9e9e7"},
    {file = "lxml-4.8.0-cp38-cp38-manylinux_2_12_i686.manylinux2010_i686.manylinux_2_24_i686.whl", hash = "sha256:0c1978ff1fd81ed9dcbba4f91cf09faf1f8082c9d72eb122e92294716c605428"},
    {file = "lxml-4.8.0-cp38-cp38-manylinux_2_17_aarch64.manylinux2014_aarch64.manylinux_2_24_aarch64.whl", hash = "sha256:52cbf2ff155b19dc4d4100f7442f6a697938bf4493f8d3b0c51d45568d5666b5"},
    {file = "lxml-4.8.0-cp38-cp38-manylinux_2_17_x86_64.manylinux2014_x86_64.manylinux_2_24_x86_64.whl", hash = "sha256:ce13d6291a5f47c1c8dbd375baa78551053bc6b5e5c0e9bb8e39c0a8359fd52f"},
    {file = "lxml-4.8.0-cp38-cp38-manylinux_2_5_i686.manylinux1_i686.whl", hash = "sha256:e11527dc23d5ef44d76fef11213215c34f36af1608074561fcc561d983aeb870"},
    {file = "lxml-4.8.0-cp38-cp38-manylinux_2_5_x86_64.manylinux1_x86_64.whl", hash = "sha256:60d2f60bd5a2a979df28ab309352cdcf8181bda0cca4529769a945f09aba06f9"},
    {file = "lxml-4.8.0-cp38-cp38-musllinux_1_1_x86_64.whl", hash = "sha256:62f93eac69ec0f4be98d1b96f4d6b964855b8255c345c17ff12c20b93f247b68"},
    {file = "lxml-4.8.0-cp38-cp38-win32.whl", hash = "sha256:20b8a746a026017acf07da39fdb10aa80ad9877046c9182442bf80c84a1c4696"},
    {file = "lxml-4.8.0-cp38-cp38-win_amd64.whl", hash = "sha256:891dc8f522d7059ff0024cd3ae79fd224752676447f9c678f2a5c14b84d9a939"},
    {file = "lxml-4.8.0-cp39-cp39-macosx_10_15_x86_64.whl", hash = "sha256:b6fc2e2fb6f532cf48b5fed57567ef286addcef38c28874458a41b7837a57807"},
    {file = "lxml-4.8.0-cp39-cp39-manylinux_2_12_i686.manylinux2010_i686.manylinux_2_24_i686.whl", hash = "sha256:74eb65ec61e3c7c019d7169387d1b6ffcfea1b9ec5894d116a9a903636e4a0b1"},
    {file = "lxml-4.8.0-cp39-cp39-manylinux_2_17_aarch64.manylinux2014_aarch64.manylinux_2_24_aarch64.whl", hash = "sha256:627e79894770783c129cc5e89b947e52aa26e8e0557c7e205368a809da4b7939"},
    {file = "lxml-4.8.0-cp39-cp39-manylinux_2_17_x86_64.manylinux2014_x86_64.manylinux_2_24_x86_64.whl", hash = "sha256:545bd39c9481f2e3f2727c78c169425efbfb3fbba6e7db4f46a80ebb249819ca"},
    {file = "lxml-4.8.0-cp39-cp39-manylinux_2_5_i686.manylinux1_i686.whl", hash = "sha256:5a58d0b12f5053e270510bf12f753a76aaf3d74c453c00942ed7d2c804ca845c"},
    {file = "lxml-4.8.0-cp39-cp39-manylinux_2_5_x86_64.manylinux1_x86_64.whl", hash = "sha256:ec4b4e75fc68da9dc0ed73dcdb431c25c57775383fec325d23a770a64e7ebc87"},
    {file = "lxml-4.8.0-cp39-cp39-musllinux_1_1_x86_64.whl", hash = "sha256:5804e04feb4e61babf3911c2a974a5b86f66ee227cc5006230b00ac6d285b3a9"},
    {file = "lxml-4.8.0-cp39-cp39-win32.whl", hash = "sha256:aa0cf4922da7a3c905d000b35065df6184c0dc1d866dd3b86fd961905bbad2ea"},
    {file = "lxml-4.8.0-cp39-cp39-win_amd64.whl", hash = "sha256:dd10383f1d6b7edf247d0960a3db274c07e96cf3a3fc7c41c8448f93eac3fb1c"},
    {file = "lxml-4.8.0-pp37-pypy37_pp73-macosx_10_14_x86_64.whl", hash = "sha256:2403a6d6fb61c285969b71f4a3527873fe93fd0abe0832d858a17fe68c8fa507"},
    {file = "lxml-4.8.0-pp37-pypy37_pp73-manylinux_2_12_i686.manylinux2010_i686.manylinux_2_24_i686.whl", hash = "sha256:986b7a96228c9b4942ec420eff37556c5777bfba6758edcb95421e4a614b57f9"},
    {file = "lxml-4.8.0-pp37-pypy37_pp73-manylinux_2_17_x86_64.manylinux2014_x86_64.manylinux_2_24_x86_64.whl", hash = "sha256:6fe4ef4402df0250b75ba876c3795510d782def5c1e63890bde02d622570d39e"},
    {file = "lxml-4.8.0-pp38-pypy38_pp73-macosx_10_14_x86_64.whl", hash = "sha256:f10ce66fcdeb3543df51d423ede7e238be98412232fca5daec3e54bcd16b8da0"},
    {file = "lxml-4.8.0-pp38-pypy38_pp73-manylinux_2_12_i686.manylinux2010_i686.manylinux_2_24_i686.whl", hash = "sha256:730766072fd5dcb219dd2b95c4c49752a54f00157f322bc6d71f7d2a31fecd79"},
    {file = "lxml-4.8.0-pp38-pypy38_pp73-manylinux_2_17_x86_64.manylinux2014_x86_64.manylinux_2_24_x86_64.whl", hash = "sha256:8b99ec73073b37f9ebe8caf399001848fced9c08064effdbfc4da2b5a8d07b93"},
    {file = "lxml-4.8.0.tar.gz", hash = "sha256:f63f62fc60e6228a4ca9abae28228f35e1bd3ce675013d1dfb828688d50c6e23"},
]
pyrosimple = [
    {file = "pyrosimple-1.2.0-py3-none-any.whl", hash = "sha256:dbeab56cd501c5f63704c3fe01fda44cada275195a3ab2f3ae76de7e24357b83"},
    {file = "pyrosimple-1.2.0.tar.gz", hash = "sha256:3eaeaebaa77c5e11dbc397e5fe25046c6a668825e8a701fcaf6782bac6147d35"},
]
python-dateutil = [
    {file = "python-dateutil-2.8.2.tar.gz", hash = "sha256:0123cacc1627ae19ddf3c27a5de5bd67ee4586fbdd6440d9748f8abb483d3e86"},
    {file = "python_dateutil-2.8.2-py2.py3-none-any.whl", hash = "sha256:961d03dc3453ebbc59dbdea9e4e11c5651520a876d0f4db161e8674aae935da9"},
]
pytz = [
    {file = "pytz-2022.1-py2.py3-none-any.whl", hash = "sha256:e68985985296d9a66a881eb3193b0906246245294a881e7c8afe623866ac6a5c"},
    {file = "pytz-2022.1.tar.gz", hash = "sha256:1e760e2fe6a8163bc0b3d9a19c4f84342afa0a2affebfaa84b01b978a02ecaa7"},
]
rebulk = [
    {file = "rebulk-3.1.0-py3-none-any.whl", hash = "sha256:e56550ae25a822111bff8c8f5eeea14cb44f406e9a9ce67ad4e350253b2fff6c"},
    {file = "rebulk-3.1.0.tar.gz", hash = "sha256:809de3a97c68afa831f7101b10d316fe62e061dc9f7f67a44b7738128721173a"},
]
requests = [
    {file = "requests-2.27.1-py2.py3-none-any.whl", hash = "sha256:f22fa1e554c9ddfd16e6e41ac79759e17be9e492b3587efa038054674760e72d"},
    {file = "requests-2.27.1.tar.gz", hash = "sha256:68d7c56fd5a8999887728ef304a6d12edc7be74f1cfa47714fc8b414525c9a61"},
]
six = [
    {file = "six-1.16.0-py2.py3-none-any.whl", hash = "sha256:8abb2f1d86890a2dfb989f9a77cfcfd3e47c2a354b01111771326f8aa26e0254"},
    {file = "six-1.16.0.tar.gz", hash = "sha256:1e61c37477a1626458e36f7b1d82aa5c9b094fa4802892072e49de9c60c4c926"},
]
sqlalchemy = [
    {file = "SQLAlchemy-1.4.36-cp27-cp27m-macosx_10_14_x86_64.whl", hash = "sha256:81e53bd383c2c33de9d578bfcc243f559bd3801a0e57f2bcc9a943c790662e0c"},
    {file = "SQLAlchemy-1.4.36-cp27-cp27m-manylinux_2_5_x86_64.manylinux1_x86_64.whl", hash = "sha256:6e1fe00ee85c768807f2a139b83469c1e52a9ffd58a6eb51aa7aeb524325ab18"},
    {file = "SQLAlchemy-1.4.36-cp27-cp27m-win32.whl", hash = "sha256:d57ac32f8dc731fddeb6f5d1358b4ca5456e72594e664769f0a9163f13df2a31"},
    {file = "SQLAlchemy-1.4.36-cp27-cp27m-win_amd64.whl", hash = "sha256:fca8322e04b2dde722fcb0558682740eebd3bd239bea7a0d0febbc190e99dc15"},
    {file = "SQLAlchemy-1.4.36-cp27-cp27mu-manylinux_2_5_x86_64.manylinux1_x86_64.whl", hash = "sha256:53d2d9ee93970c969bc4e3c78b1277d7129554642f6ffea039c282c7dc4577bc"},
    {file = "SQLAlchemy-1.4.36-cp310-cp310-macosx_10_15_x86_64.whl", hash = "sha256:f0394a3acfb8925db178f7728adb38c027ed7e303665b225906bfa8099dc1ce8"},
    {file = "SQLAlchemy-1.4.36-cp310-cp310-manylinux_2_17_aarch64.manylinux2014_aarch64.whl", hash = "sha256:09c606d8238feae2f360b8742ffbe67741937eb0a05b57f536948d198a3def96"},
    {file = "SQLAlchemy-1.4.36-cp310-cp310-manylinux_2_5_x86_64.manylinux1_x86_64.manylinux_2_12_x86_64.manylinux2010_x86_64.whl", hash = "sha256:8d07fe2de0325d06e7e73281e9a9b5e259fbd7cbfbe398a0433cbb0082ad8fa7"},
    {file = "SQLAlchemy-1.4.36-cp310-cp310-manylinux_2_5_x86_64.manylinux1_x86_64.manylinux_2_17_x86_64.manylinux2014_x86_64.whl", hash = "sha256:5041474dcab7973baa91ec1f3112049a9dd4652898d6a95a6a895ff5c58beb6b"},
    {file = "SQLAlchemy-1.4.36-cp310-cp310-win32.whl", hash = "sha256:be094460930087e50fd08297db9d7aadaed8408ad896baf758e9190c335632da"},
    {file = "SQLAlchemy-1.4.36-cp310-cp310-win_amd64.whl", hash = "sha256:64d796e9af522162f7f2bf7a3c5531a0a550764c426782797bbeed809d0646c5"},
    {file = "SQLAlchemy-1.4.36-cp36-cp36m-macosx_10_14_x86_64.whl", hash = "sha256:a0ae3aa2e86a4613f2d4c49eb7da23da536e6ce80b2bfd60bbb2f55fc02b0b32"},
    {file = "SQLAlchemy-1.4.36-cp36-cp36m-manylinux_2_17_aarch64.manylinux2014_aarch64.whl", hash = "sha256:5d50cb71c1dbed70646d521a0975fb0f92b7c3f84c61fa59e07be23a1aaeecfc"},
    {file = "SQLAlchemy-1.4.36-cp36-cp36m-manylinux_2_5_x86_64.manylinux1_x86_64.manylinux_2_12_x86_64.manylinux2010_x86_64.whl", hash = "sha256:16abf35af37a3d5af92725fc9ec507dd9e9183d261c2069b6606d60981ed1c6e"},
    {file = "SQLAlchemy-1.4.36-cp36-cp36m-manylinux_2_5_x86_64.manylinux1_x86_64.manylinux_2_17_x86_64.manylinux2014_x86_64.whl", hash = "sha256:5864a83bd345871ad9699ce466388f836db7572003d67d9392a71998092210e3"},
    {file = "SQLAlchemy-1.4.36-cp36-cp36m-win32.whl", hash = "sha256:fbf8c09fe9728168f8cc1b40c239eab10baf9c422c18be7f53213d70434dea43"},
    {file = "SQLAlchemy-1.4.36-cp36-cp36m-win_amd64.whl", hash = "sha256:6e859fa96605027bd50d8e966db1c4e1b03e7b3267abbc4b89ae658c99393c58"},
    {file = "SQLAlchemy-1.4.36-cp37-cp37m-macosx_10_14_x86_64.whl", hash = "sha256:166a3887ec355f7d2f12738f7fa25dc8ac541867147a255f790f2f41f614cb44"},
    {file = "SQLAlchemy-1.4.36-cp37-cp37m-manylinux_2_17_aarch64.manylinux2014_aarch64.whl", hash = "sha256:2e885548da361aa3f8a9433db4cfb335b2107e533bf314359ae3952821d84b3e"},
    {file = "SQLAlchemy-1.4.36-cp37-cp37m-manylinux_2_5_x86_64.manylinux1_x86_64.manylinux_2_12_x86_64.manylinux2010_x86_64.whl", hash = "sha256:5c90ef955d429966d84326d772eb34333178737ebb669845f1d529eb00c75e72"},
    {file = "SQLAlchemy-1.4.36-cp37-cp37m-manylinux_2_5_x86_64.manylinux1_x86_64.manylinux_2_17_x86_64.manylinux2014_x86_64.whl", hash = "sha256:7a052bd9f53004f8993c624c452dfad8ec600f572dd0ed0445fbe64b22f5570e"},
    {file = "SQLAlchemy-1.4.36-cp37-cp37m-win32.whl", hash = "sha256:dce3468bf1fc12374a1a732c9efd146ce034f91bb0482b602a9311cb6166a920"},
    {file = "SQLAlchemy-1.4.36-cp37-cp37m-win_amd64.whl", hash = "sha256:6cb4c4f57a20710cea277edf720d249d514e587f796b75785ad2c25e1c0fed26"},
    {file = "SQLAlchemy-1.4.36-cp38-cp38-macosx_10_14_x86_64.whl", hash = "sha256:e74ce103b81c375c3853b436297952ef8d7863d801dcffb6728d01544e5191b5"},
    {file = "SQLAlchemy-1.4.36-cp38-cp38-manylinux_2_17_aarch64.manylinux2014_aarch64.whl", hash = "sha256:8b20c4178ead9bc398be479428568ff31b6c296eb22e75776273781a6551973f"},
    {file = "SQLAlchemy-1.4.36-cp38-cp38-manylinux_2_5_x86_64.manylinux1_x86_64.manylinux_2_12_x86_64.manylinux2010_x86_64.whl", hash = "sha256:af2587ae11400157753115612d6c6ad255143efba791406ad8a0cbcccf2edcb3"},
    {file = "SQLAlchemy-1.4.36-cp38-cp38-manylinux_2_5_x86_64.manylinux1_x86_64.manylinux_2_17_x86_64.manylinux2014_x86_64.whl", hash = "sha256:83cf3077712be9f65c9aaa0b5bc47bc1a44789fd45053e2e3ecd59ff17c63fe9"},
    {file = "SQLAlchemy-1.4.36-cp38-cp38-win32.whl", hash = "sha256:ce20f5da141f8af26c123ebaa1b7771835ca6c161225ce728962a79054f528c3"},
    {file = "SQLAlchemy-1.4.36-cp38-cp38-win_amd64.whl", hash = "sha256:316c7e5304dda3e3ad711569ac5d02698bbc71299b168ac56a7076b86259f7ea"},
    {file = "SQLAlchemy-1.4.36-cp39-cp39-macosx_10_15_x86_64.whl", hash = "sha256:f522214f6749bc073262529c056f7dfd660f3b5ec4180c5354d985eb7219801e"},
    {file = "SQLAlchemy-1.4.36-cp39-cp39-manylinux_2_17_aarch64.manylinux2014_aarch64.whl", hash = "sha256:2ecac4db8c1aa4a269f5829df7e706639a24b780d2ac46b3e485cbbd27ec0028"},
    {file = "SQLAlchemy-1.4.36-cp39-cp39-manylinux_2_5_x86_64.manylinux1_x86_64.manylinux_2_12_x86_64.manylinux2010_x86_64.whl", hash = "sha256:b3db741beaa983d4cbf9087558620e7787106319f7e63a066990a70657dd6b35"},
    {file = "SQLAlchemy-1.4.36-cp39-cp39-manylinux_2_5_x86_64.manylinux1_x86_64.manylinux_2_17_x86_64.manylinux2014_x86_64.whl", hash = "sha256:2ec89bf98cc6a0f5d1e28e3ad28e9be6f3b4bdbd521a4053c7ae8d5e1289a8a1"},
    {file = "SQLAlchemy-1.4.36-cp39-cp39-win32.whl", hash = "sha256:e12532c4d3f614678623da5d852f038ace1f01869b89f003ed6fe8c793f0c6a3"},
    {file = "SQLAlchemy-1.4.36-cp39-cp39-win_amd64.whl", hash = "sha256:cb441ca461bf97d00877b607f132772644b623518b39ced54da433215adce691"},
    {file = "SQLAlchemy-1.4.36.tar.gz", hash = "sha256:64678ac321d64a45901ef2e24725ec5e783f1f4a588305e196431447e7ace243"},
]
sqlparse = [
    {file = "sqlparse-0.4.2-py3-none-any.whl", hash = "sha256:48719e356bb8b42991bdbb1e8b83223757b93789c00910a616a071910ca4a64d"},
    {file = "sqlparse-0.4.2.tar.gz", hash = "sha256:0c00730c74263a94e5a9919ade150dfc3b19c574389985446148402998287dae"},
]
tempita = [
    {file = "Tempita-0.5.2-py3-none-any.whl", hash = "sha256:f4554840cb59c6b4a5df4fad27eea4e3cb47ca7089bfeefb5890ff1bb8af2117"},
    {file = "Tempita-0.5.2.tar.gz", hash = "sha256:cacecf0baa674d356641f1d406b8bff1d756d739c46b869a54de515d08e6fc9c"},
]
typing-extensions = [
    {file = "typing_extensions-4.2.0-py3-none-any.whl", hash = "sha256:6657594ee297170d19f67d55c05852a874e7eb634f4f753dbd667855e07c1708"},
    {file = "typing_extensions-4.2.0.tar.gz", hash = "sha256:f1c24655a0da0d1b67f07e17a5e6b2a105894e6824b92096378bb3668ef02376"},
]
unidecode = [
    {file = "Unidecode-1.3.4-py3-none-any.whl", hash = "sha256:afa04efcdd818a93237574791be9b2817d7077c25a068b00f8cff7baa4e59257"},
    {file = "Unidecode-1.3.4.tar.gz", hash = "sha256:8e4352fb93d5a735c788110d2e7ac8e8031eb06ccbfe8d324ab71735015f9342"},
]
urllib3 = [
    {file = "urllib3-1.26.9-py2.py3-none-any.whl", hash = "sha256:44ece4d53fb1706f667c9bd1c648f5469a2ec925fcf3a776667042d645472c14"},
    {file = "urllib3-1.26.9.tar.gz", hash = "sha256:aabaf16477806a5e1dd19aa41f8c2b7950dd3c746362d7e3223dbe6de6ac448e"},
]
werkzeug = [
    {file = "Werkzeug-2.1.2-py3-none-any.whl", hash = "sha256:72a4b735692dd3135217911cbeaa1be5fa3f62bffb8745c5215420a03dc55255"},
    {file = "Werkzeug-2.1.2.tar.gz", hash = "sha256:1ce08e8093ed67d638d63879fd1ba3735817f7a80de3674d293f5984f25fb6e6"},
]
zipp = [
    {file = "zipp-3.8.0-py3-none-any.whl", hash = "sha256:c4f6e5bbf48e74f7a38e7cc5b0480ff42b0ae5178957d564d18932525d5cf099"},
    {file = "zipp-3.8.0.tar.gz", hash = "sha256:56bf8aadb83c24db6c4b577e13de374ccfb67da2078beba1d037c17980bf43ad"},
]
